// !$*UTF8*$!
{
	archiveVersion = 1;
	classes = {
	};
	objectVersion = 50;
	objects = {

/* Begin PBXBuildFile section */
		18F0736C2758BD99006C73BE /* AppDelegate.swift in Sources */ = {isa = PBXBuildFile; fileRef = 18F0736B2758BD99006C73BE /* AppDelegate.swift */; };
		18F0736E2758BD99006C73BE /* SceneDelegate.swift in Sources */ = {isa = PBXBuildFile; fileRef = 18F0736D2758BD99006C73BE /* SceneDelegate.swift */; };
		18F073702758BD99006C73BE /* ViewController.swift in Sources */ = {isa = PBXBuildFile; fileRef = 18F0736F2758BD99006C73BE /* ViewController.swift */; };
		18F073732758BD99006C73BE /* Main.storyboard in Resources */ = {isa = PBXBuildFile; fileRef = 18F073712758BD99006C73BE /* Main.storyboard */; };
		18F073752758BD9A006C73BE /* Assets.xcassets in Resources */ = {isa = PBXBuildFile; fileRef = 18F073742758BD9A006C73BE /* Assets.xcassets */; };
		18F073782758BD9A006C73BE /* LaunchScreen.storyboard in Resources */ = {isa = PBXBuildFile; fileRef = 18F073762758BD9A006C73BE /* LaunchScreen.storyboard */; };
		18F073802758BDC7006C73BE /* CollectionVC.swift in Sources */ = {isa = PBXBuildFile; fileRef = 18F0737F2758BDC7006C73BE /* CollectionVC.swift */; };
		18F073832758BE35006C73BE /* LabelCell.swift in Sources */ = {isa = PBXBuildFile; fileRef = 18F073812758BE35006C73BE /* LabelCell.swift */; };
		18F073842758BE35006C73BE /* LabelCellCollectionViewCell.xib in Resources */ = {isa = PBXBuildFile; fileRef = 18F073822758BE35006C73BE /* LabelCellCollectionViewCell.xib */; };
		18F073862758C33D006C73BE /* Item.swift in Sources */ = {isa = PBXBuildFile; fileRef = 18F073852758C33D006C73BE /* Item.swift */; };
		18F073882758C882006C73BE /* DetailVC.swift in Sources */ = {isa = PBXBuildFile; fileRef = 18F073872758C882006C73BE /* DetailVC.swift */; };
/* End PBXBuildFile section */

/* Begin PBXFileReference section */
		18F073682758BD99006C73BE /* Prototype-Navigation-CollectionView-“Nada”.app */ = {isa = PBXFileReference; explicitFileType = wrapper.application; includeInIndex = 0; path = "Prototype-Navigation-CollectionView-“Nada”.app"; sourceTree = BUILT_PRODUCTS_DIR; };
		18F0736B2758BD99006C73BE /* AppDelegate.swift */ = {isa = PBXFileReference; lastKnownFileType = sourcecode.swift; path = AppDelegate.swift; sourceTree = "<group>"; };
		18F0736D2758BD99006C73BE /* SceneDelegate.swift */ = {isa = PBXFileReference; lastKnownFileType = sourcecode.swift; path = SceneDelegate.swift; sourceTree = "<group>"; };
		18F0736F2758BD99006C73BE /* ViewController.swift */ = {isa = PBXFileReference; lastKnownFileType = sourcecode.swift; path = ViewController.swift; sourceTree = "<group>"; };
		18F073722758BD99006C73BE /* Base */ = {isa = PBXFileReference; lastKnownFileType = file.storyboard; name = Base; path = Base.lproj/Main.storyboard; sourceTree = "<group>"; };
		18F073742758BD9A006C73BE /* Assets.xcassets */ = {isa = PBXFileReference; lastKnownFileType = folder.assetcatalog; path = Assets.xcassets; sourceTree = "<group>"; };
		18F073772758BD9A006C73BE /* Base */ = {isa = PBXFileReference; lastKnownFileType = file.storyboard; name = Base; path = Base.lproj/LaunchScreen.storyboard; sourceTree = "<group>"; };
		18F073792758BD9A006C73BE /* Info.plist */ = {isa = PBXFileReference; lastKnownFileType = text.plist.xml; path = Info.plist; sourceTree = "<group>"; };
		18F0737F2758BDC7006C73BE /* CollectionVC.swift */ = {isa = PBXFileReference; lastKnownFileType = sourcecode.swift; path = CollectionVC.swift; sourceTree = "<group>"; };
		18F073812758BE35006C73BE /* LabelCell.swift */ = {isa = PBXFileReference; lastKnownFileType = sourcecode.swift; path = LabelCell.swift; sourceTree = "<group>"; };
		18F073822758BE35006C73BE /* LabelCellCollectionViewCell.xib */ = {isa = PBXFileReference; lastKnownFileType = file.xib; path = LabelCellCollectionViewCell.xib; sourceTree = "<group>"; };
		18F073852758C33D006C73BE /* Item.swift */ = {isa = PBXFileReference; lastKnownFileType = sourcecode.swift; path = Item.swift; sourceTree = "<group>"; };
		18F073872758C882006C73BE /* DetailVC.swift */ = {isa = PBXFileReference; lastKnownFileType = sourcecode.swift; path = DetailVC.swift; sourceTree = "<group>"; };
/* End PBXFileReference section */

/* Begin PBXFrameworksBuildPhase section */
		18F073652758BD99006C73BE /* Frameworks */ = {
			isa = PBXFrameworksBuildPhase;
			buildActionMask = 2147483647;
			files = (
			);
			runOnlyForDeploymentPostprocessing = 0;
		};
/* End PBXFrameworksBuildPhase section */

/* Begin PBXGroup section */
		18F0735F2758BD99006C73BE = {
			isa = PBXGroup;
			children = (
				18F0736A2758BD99006C73BE /* Prototype-Navigation-CollectionView-“Nada” */,
				18F073692758BD99006C73BE /* Products */,
			);
			sourceTree = "<group>";
		};
		18F073692758BD99006C73BE /* Products */ = {
			isa = PBXGroup;
			children = (
				18F073682758BD99006C73BE /* Prototype-Navigation-CollectionView-“Nada”.app */,
			);
			name = Products;
			sourceTree = "<group>";
		};
		18F0736A2758BD99006C73BE /* Prototype-Navigation-CollectionView-“Nada” */ = {
			isa = PBXGroup;
			children = (
				18F0737F2758BDC7006C73BE /* CollectionVC.swift */,
				18F0736B2758BD99006C73BE /* AppDelegate.swift */,
				18F0736D2758BD99006C73BE /* SceneDelegate.swift */,
				18F0736F2758BD99006C73BE /* ViewController.swift */,
				18F073712758BD99006C73BE /* Main.storyboard */,
				18F073742758BD9A006C73BE /* Assets.xcassets */,
				18F073762758BD9A006C73BE /* LaunchScreen.storyboard */,
				18F073792758BD9A006C73BE /* Info.plist */,
				18F073812758BE35006C73BE /* LabelCell.swift */,
				18F073822758BE35006C73BE /* LabelCellCollectionViewCell.xib */,
				18F073852758C33D006C73BE /* Item.swift */,
				18F073872758C882006C73BE /* DetailVC.swift */,
			);
			path = "Prototype-Navigation-CollectionView-“Nada”";
			sourceTree = "<group>";
		};
/* End PBXGroup section */

/* Begin PBXNativeTarget section */
		18F073672758BD99006C73BE /* Prototype-Navigation-CollectionView-“Nada” */ = {
			isa = PBXNativeTarget;
			buildConfigurationList = 18F0737C2758BD9A006C73BE /* Build configuration list for PBXNativeTarget "Prototype-Navigation-CollectionView-“Nada”" */;
			buildPhases = (
				18F073642758BD99006C73BE /* Sources */,
				18F073652758BD99006C73BE /* Frameworks */,
				18F073662758BD99006C73BE /* Resources */,
			);
			buildRules = (
			);
			dependencies = (
			);
			name = "Prototype-Navigation-CollectionView-“Nada”";
			productName = "Prototype-Navigation-CollectionView-“Nada”";
			productReference = 18F073682758BD99006C73BE /* Prototype-Navigation-CollectionView-“Nada”.app */;
			productType = "com.apple.product-type.application";
		};
/* End PBXNativeTarget section */

/* Begin PBXProject section */
		18F073602758BD99006C73BE /* Project object */ = {
			isa = PBXProject;
			attributes = {
				LastSwiftUpdateCheck = 1250;
				LastUpgradeCheck = 1250;
				TargetAttributes = {
					18F073672758BD99006C73BE = {
						CreatedOnToolsVersion = 12.5;
					};
				};
			};
			buildConfigurationList = 18F073632758BD99006C73BE /* Build configuration list for PBXProject "Prototype-Navigation-CollectionView-“Nada”" */;
			compatibilityVersion = "Xcode 9.3";
			developmentRegion = en;
			hasScannedForEncodings = 0;
			knownRegions = (
				en,
				Base,
			);
			mainGroup = 18F0735F2758BD99006C73BE;
			productRefGroup = 18F073692758BD99006C73BE /* Products */;
			projectDirPath = "";
			projectRoot = "";
			targets = (
				18F073672758BD99006C73BE /* Prototype-Navigation-CollectionView-“Nada” */,
			);
		};
/* End PBXProject section */

/* Begin PBXResourcesBuildPhase section */
		18F073662758BD99006C73BE /* Resources */ = {
			isa = PBXResourcesBuildPhase;
			buildActionMask = 2147483647;
			files = (
				18F073782758BD9A006C73BE /* LaunchScreen.storyboard in Resources */,
				18F073752758BD9A006C73BE /* Assets.xcassets in Resources */,
				18F073732758BD99006C73BE /* Main.storyboard in Resources */,
				18F073842758BE35006C73BE /* LabelCellCollectionViewCell.xib in Resources */,
			);
			runOnlyForDeploymentPostprocessing = 0;
		};
/* End PBXResourcesBuildPhase section */

/* Begin PBXSourcesBuildPhase section */
		18F073642758BD99006C73BE /* Sources */ = {
			isa = PBXSourcesBuildPhase;
			buildActionMask = 2147483647;
			files = (
				18F073702758BD99006C73BE /* ViewController.swift in Sources */,
				18F073832758BE35006C73BE /* LabelCell.swift in Sources */,
				18F0736C2758BD99006C73BE /* AppDelegate.swift in Sources */,
				18F073802758BDC7006C73BE /* CollectionVC.swift in Sources */,
				18F073862758C33D006C73BE /* Item.swift in Sources */,
				18F0736E2758BD99006C73BE /* SceneDelegate.swift in Sources */,
				18F073882758C882006C73BE /* DetailVC.swift in Sources */,
			);
			runOnlyForDeploymentPostprocessing = 0;
		};
/* End PBXSourcesBuildPhase section */

/* Begin PBXVariantGroup section */
		18F073712758BD99006C73BE /* Main.storyboard */ = {
			isa = PBXVariantGroup;
			children = (
				18F073722758BD99006C73BE /* Base */,
			);
			name = Main.storyboard;
			sourceTree = "<group>";
		};
		18F073762758BD9A006C73BE /* LaunchScreen.storyboard */ = {
			isa = PBXVariantGroup;
			children = (
				18F073772758BD9A006C73BE /* Base */,
			);
			name = LaunchScreen.storyboard;
			sourceTree = "<group>";
		};
/* End PBXVariantGroup section */

/* Begin XCBuildConfiguration section */
		18F0737A2758BD9A006C73BE /* Debug */ = {
			isa = XCBuildConfiguration;
			buildSettings = {
				ALWAYS_SEARCH_USER_PATHS = NO;
				CLANG_ANALYZER_NONNULL = YES;
				CLANG_ANALYZER_NUMBER_OBJECT_CONVERSION = YES_AGGRESSIVE;
				CLANG_CXX_LANGUAGE_STANDARD = "gnu++14";
				CLANG_CXX_LIBRARY = "libc++";
				CLANG_ENABLE_MODULES = YES;
				CLANG_ENABLE_OBJC_ARC = YES;
				CLANG_ENABLE_OBJC_WEAK = YES;
				CLANG_WARN_BLOCK_CAPTURE_AUTORELEASING = YES;
				CLANG_WARN_BOOL_CONVERSION = YES;
				CLANG_WARN_COMMA = YES;
				CLANG_WARN_CONSTANT_CONVERSION = YES;
				CLANG_WARN_DEPRECATED_OBJC_IMPLEMENTATIONS = YES;
				CLANG_WARN_DIRECT_OBJC_ISA_USAGE = YES_ERROR;
				CLANG_WARN_DOCUMENTATION_COMMENTS = YES;
				CLANG_WARN_EMPTY_BODY = YES;
				CLANG_WARN_ENUM_CONVERSION = YES;
				CLANG_WARN_INFINITE_RECURSION = YES;
				CLANG_WARN_INT_CONVERSION = YES;
				CLANG_WARN_NON_LITERAL_NULL_CONVERSION = YES;
				CLANG_WARN_OBJC_IMPLICIT_RETAIN_SELF = YES;
				CLANG_WARN_OBJC_LITERAL_CONVERSION = YES;
				CLANG_WARN_OBJC_ROOT_CLASS = YES_ERROR;
				CLANG_WARN_QUOTED_INCLUDE_IN_FRAMEWORK_HEADER = YES;
				CLANG_WARN_RANGE_LOOP_ANALYSIS = YES;
				CLANG_WARN_STRICT_PROTOTYPES = YES;
				CLANG_WARN_SUSPICIOUS_MOVE = YES;
				CLANG_WARN_UNGUARDED_AVAILABILITY = YES_AGGRESSIVE;
				CLANG_WARN_UNREACHABLE_CODE = YES;
				CLANG_WARN__DUPLICATE_METHOD_MATCH = YES;
				COPY_PHASE_STRIP = NO;
				DEBUG_INFORMATION_FORMAT = dwarf;
				ENABLE_STRICT_OBJC_MSGSEND = YES;
				ENABLE_TESTABILITY = YES;
				GCC_C_LANGUAGE_STANDARD = gnu11;
				GCC_DYNAMIC_NO_PIC = NO;
				GCC_NO_COMMON_BLOCKS = YES;
				GCC_OPTIMIZATION_LEVEL = 0;
				GCC_PREPROCESSOR_DEFINITIONS = (
					"DEBUG=1",
					"$(inherited)",
				);
				GCC_WARN_64_TO_32_BIT_CONVERSION = YES;
				GCC_WARN_ABOUT_RETURN_TYPE = YES_ERROR;
				GCC_WARN_UNDECLARED_SELECTOR = YES;
				GCC_WARN_UNINITIALIZED_AUTOS = YES_AGGRESSIVE;
				GCC_WARN_UNUSED_FUNCTION = YES;
				GCC_WARN_UNUSED_VARIABLE = YES;
				IPHONEOS_DEPLOYMENT_TARGET = 14.5;
				MTL_ENABLE_DEBUG_INFO = INCLUDE_SOURCE;
				MTL_FAST_MATH = YES;
				ONLY_ACTIVE_ARCH = YES;
				SDKROOT = iphoneos;
				SWIFT_ACTIVE_COMPILATION_CONDITIONS = DEBUG;
				SWIFT_OPTIMIZATION_LEVEL = "-Onone";
			};
			name = Debug;
		};
		18F0737B2758BD9A006C73BE /* Release */ = {
			isa = XCBuildConfiguration;
			buildSettings = {
				ALWAYS_SEARCH_USER_PATHS = NO;
				CLANG_ANALYZER_NONNULL = YES;
				CLANG_ANALYZER_NUMBER_OBJECT_CONVERSION = YES_AGGRESSIVE;
				CLANG_CXX_LANGUAGE_STANDARD = "gnu++14";
				CLANG_CXX_LIBRARY = "libc++";
				CLANG_ENABLE_MODULES = YES;
				CLANG_ENABLE_OBJC_ARC = YES;
				CLANG_ENABLE_OBJC_WEAK = YES;
				CLANG_WARN_BLOCK_CAPTURE_AUTORELEASING = YES;
				CLANG_WARN_BOOL_CONVERSION = YES;
				CLANG_WARN_COMMA = YES;
				CLANG_WARN_CONSTANT_CONVERSION = YES;
				CLANG_WARN_DEPRECATED_OBJC_IMPLEMENTATIONS = YES;
				CLANG_WARN_DIRECT_OBJC_ISA_USAGE = YES_ERROR;
				CLANG_WARN_DOCUMENTATION_COMMENTS = YES;
				CLANG_WARN_EMPTY_BODY = YES;
				CLANG_WARN_ENUM_CONVERSION = YES;
				CLANG_WARN_INFINITE_RECURSION = YES;
				CLANG_WARN_INT_CONVERSION = YES;
				CLANG_WARN_NON_LITERAL_NULL_CONVERSION = YES;
				CLANG_WARN_OBJC_IMPLICIT_RETAIN_SELF = YES;
				CLANG_WARN_OBJC_LITERAL_CONVERSION = YES;
				CLANG_WARN_OBJC_ROOT_CLASS = YES_ERROR;
				CLANG_WARN_QUOTED_INCLUDE_IN_FRAMEWORK_HEADER = YES;
				CLANG_WARN_RANGE_LOOP_ANALYSIS = YES;
				CLANG_WARN_STRICT_PROTOTYPES = YES;
				CLANG_WARN_SUSPICIOUS_MOVE = YES;
				CLANG_WARN_UNGUARDED_AVAILABILITY = YES_AGGRESSIVE;
				CLANG_WARN_UNREACHABLE_CODE = YES;
				CLANG_WARN__DUPLICATE_METHOD_MATCH = YES;
				COPY_PHASE_STRIP = NO;
				DEBUG_INFORMATION_FORMAT = "dwarf-with-dsym";
				ENABLE_NS_ASSERTIONS = NO;
				ENABLE_STRICT_OBJC_MSGSEND = YES;
				GCC_C_LANGUAGE_STANDARD = gnu11;
				GCC_NO_COMMON_BLOCKS = YES;
				GCC_WARN_64_TO_32_BIT_CONVERSION = YES;
				GCC_WARN_ABOUT_RETURN_TYPE = YES_ERROR;
				GCC_WARN_UNDECLARED_SELECTOR = YES;
				GCC_WARN_UNINITIALIZED_AUTOS = YES_AGGRESSIVE;
				GCC_WARN_UNUSED_FUNCTION = YES;
				GCC_WARN_UNUSED_VARIABLE = YES;
				IPHONEOS_DEPLOYMENT_TARGET = 14.5;
				MTL_ENABLE_DEBUG_INFO = NO;
				MTL_FAST_MATH = YES;
				SDKROOT = iphoneos;
				SWIFT_COMPILATION_MODE = wholemodule;
				SWIFT_OPTIMIZATION_LEVEL = "-O";
				VALIDATE_PRODUCT = YES;
			};
			name = Release;
		};
		18F0737D2758BD9A006C73BE /* Debug */ = {
			isa = XCBuildConfiguration;
			buildSettings = {
				ASSETCATALOG_COMPILER_APPICON_NAME = AppIcon;
				ASSETCATALOG_COMPILER_GLOBAL_ACCENT_COLOR_NAME = AccentColor;
				CODE_SIGN_STYLE = Automatic;
				DEVELOPMENT_TEAM = BF3KGN734D;
				INFOPLIST_FILE = "Prototype-Navigation-CollectionView-“Nada”/Info.plist";
				LD_RUNPATH_SEARCH_PATHS = (
					"$(inherited)",
					"@executable_path/Frameworks",
				);
				PRODUCT_BUNDLE_IDENTIFIER = "com.nadaalbalawi.Prototype-Navigation-CollectionView--Nada-";
				PRODUCT_NAME = "$(TARGET_NAME)";
				SWIFT_VERSION = 5.0;
				TARGETED_DEVICE_FAMILY = "1,2";
			};
			name = Debug;
		};
		18F0737E2758BD9A006C73BE /* Release */ = {
			isa = XCBuildConfiguration;
			buildSettings = {
				ASSETCATALOG_COMPILER_APPICON_NAME = AppIcon;
				ASSETCATALOG_COMPILER_GLOBAL_ACCENT_COLOR_NAME = AccentColor;
				CODE_SIGN_STYLE = Automatic;
				DEVELOPMENT_TEAM = BF3KGN734D;
				INFOPLIST_FILE = "Prototype-Navigation-CollectionView-“Nada”/Info.plist";
				LD_RUNPATH_SEARCH_PATHS = (
					"$(inherited)",
					"@executable_path/Frameworks",
				);
				PRODUCT_BUNDLE_IDENTIFIER = "com.nadaalbalawi.Prototype-Navigation-CollectionView--Nada-";
				PRODUCT_NAME = "$(TARGET_NAME)";
				SWIFT_VERSION = 5.0;
				TARGETED_DEVICE_FAMILY = "1,2";
			};
			name = Release;
		};
/* End XCBuildConfiguration section */

/* Begin XCConfigurationList section */
		18F073632758BD99006C73BE /* Build configuration list for PBXProject "Prototype-Navigation-CollectionView-“Nada”" */ = {
			isa = XCConfigurationList;
			buildConfigurations = (
				18F0737A2758BD9A006C73BE /* Debug */,
				18F0737B2758BD9A006C73BE /* Release */,
			);
			defaultConfigurationIsVisible = 0;
			defaultConfigurationName = Release;
		};
		18F0737C2758BD9A006C73BE /* Build configuration list for PBXNativeTarget "Prototype-Navigation-CollectionView-“Nada”" */ = {
			isa = XCConfigurationList;
			buildConfigurations = (
				18F0737D2758BD9A006C73BE /* Debug */,
				18F0737E2758BD9A006C73BE /* Release */,
			);
			defaultConfigurationIsVisible = 0;
			defaultConfigurationName = Release;
		};
/* End XCConfigurationList section */
	};
	rootObject = 18F073602758BD99006C73BE /* Project object */;
}
