// !$*UTF8*$!
{
	archiveVersion = 1;
	classes = {
	};
	objectVersion = 50;
	objects = {

/* Begin PBXBuildFile section */
		2062C95D2754BCCE0078A167 /* AppDelegate.swift in Sources */ = {isa = PBXBuildFile; fileRef = 2062C95C2754BCCE0078A167 /* AppDelegate.swift */; };
		2062C95F2754BCCE0078A167 /* SceneDelegate.swift in Sources */ = {isa = PBXBuildFile; fileRef = 2062C95E2754BCCE0078A167 /* SceneDelegate.swift */; };
		2062C9612754BCCE0078A167 /* ConversionViewController.swift in Sources */ = {isa = PBXBuildFile; fileRef = 2062C9602754BCCE0078A167 /* ConversionViewController.swift */; };
		2062C9642754BCCE0078A167 /* Main.storyboard in Resources */ = {isa = PBXBuildFile; fileRef = 2062C9622754BCCE0078A167 /* Main.storyboard */; };
		2062C9662754BCCE0078A167 /* Assets.xcassets in Resources */ = {isa = PBXBuildFile; fileRef = 2062C9652754BCCE0078A167 /* Assets.xcassets */; };
		2062C9692754BCCE0078A167 /* LaunchScreen.storyboard in Resources */ = {isa = PBXBuildFile; fileRef = 2062C9672754BCCE0078A167 /* LaunchScreen.storyboard */; };
		2062C9742754BCCE0078A167 /* WorldTrotter_Ahmed_alqhtani_Mohammed_alatwiTests.swift in Sources */ = {isa = PBXBuildFile; fileRef = 2062C9732754BCCE0078A167 /* WorldTrotter_Ahmed_alqhtani_Mohammed_alatwiTests.swift */; };
		2062C97F2754BCCE0078A167 /* WorldTrotter_Ahmed_alqhtani_Mohammed_alatwiUITests.swift in Sources */ = {isa = PBXBuildFile; fileRef = 2062C97E2754BCCE0078A167 /* WorldTrotter_Ahmed_alqhtani_Mohammed_alatwiUITests.swift */; };
		2062C98D2754CDF90078A167 /* MapViewController.swift in Sources */ = {isa = PBXBuildFile; fileRef = 2062C98C2754CDF90078A167 /* MapViewController.swift */; };
		20FBCF662755FD1B0002FCDB /* UIColor+EX.swift in Sources */ = {isa = PBXBuildFile; fileRef = 20FBCF652755FD1B0002FCDB /* UIColor+EX.swift */; };
		20FBCF692755FECC0002FCDB /* CMLabel.swift in Sources */ = {isa = PBXBuildFile; fileRef = 20FBCF682755FECC0002FCDB /* CMLabel.swift */; };
		20FBCF6B275609E80002FCDB /* TextFiled.swift in Sources */ = {isa = PBXBuildFile; fileRef = 20FBCF6A275609E80002FCDB /* TextFiled.swift */; };
		20FBCF6D27561D5B0002FCDB /* UIViewController+Ext.swift in Sources */ = {isa = PBXBuildFile; fileRef = 20FBCF6C27561D5B0002FCDB /* UIViewController+Ext.swift */; };
		27707191275766A500B53DE3 /* MapViewEX.swift in Sources */ = {isa = PBXBuildFile; fileRef = 27707190275766A500B53DE3 /* MapViewEX.swift */; };
		2770719527576C1200B53DE3 /* Localizable.strings in Resources */ = {isa = PBXBuildFile; fileRef = 2770719727576C1200B53DE3 /* Localizable.strings */; };
/* End PBXBuildFile section */

/* Begin PBXContainerItemProxy section */
		2062C9702754BCCE0078A167 /* PBXContainerItemProxy */ = {
			isa = PBXContainerItemProxy;
			containerPortal = 2062C9512754BCCE0078A167 /* Project object */;
			proxyType = 1;
			remoteGlobalIDString = 2062C9582754BCCE0078A167;
			remoteInfo = "WorldTrotter-Ahmed_alqhtani-Mohammed_alatwi";
		};
		2062C97B2754BCCE0078A167 /* PBXContainerItemProxy */ = {
			isa = PBXContainerItemProxy;
			containerPortal = 2062C9512754BCCE0078A167 /* Project object */;
			proxyType = 1;
			remoteGlobalIDString = 2062C9582754BCCE0078A167;
			remoteInfo = "WorldTrotter-Ahmed_alqhtani-Mohammed_alatwi";
		};
/* End PBXContainerItemProxy section */

/* Begin PBXFileReference section */
		2062C9592754BCCE0078A167 /* WorldTrotter-Ahmed_alqhtani-Mohammed_alatwi.app */ = {isa = PBXFileReference; explicitFileType = wrapper.application; includeInIndex = 0; path = "WorldTrotter-Ahmed_alqhtani-Mohammed_alatwi.app"; sourceTree = BUILT_PRODUCTS_DIR; };
		2062C95C2754BCCE0078A167 /* AppDelegate.swift */ = {isa = PBXFileReference; lastKnownFileType = sourcecode.swift; path = AppDelegate.swift; sourceTree = "<group>"; };
		2062C95E2754BCCE0078A167 /* SceneDelegate.swift */ = {isa = PBXFileReference; lastKnownFileType = sourcecode.swift; path = SceneDelegate.swift; sourceTree = "<group>"; };
		2062C9602754BCCE0078A167 /* ConversionViewController.swift */ = {isa = PBXFileReference; lastKnownFileType = sourcecode.swift; path = ConversionViewController.swift; sourceTree = "<group>"; };
		2062C9632754BCCE0078A167 /* Base */ = {isa = PBXFileReference; lastKnownFileType = file.storyboard; name = Base; path = Base.lproj/Main.storyboard; sourceTree = "<group>"; };
		2062C9652754BCCE0078A167 /* Assets.xcassets */ = {isa = PBXFileReference; lastKnownFileType = folder.assetcatalog; path = Assets.xcassets; sourceTree = "<group>"; };
		2062C9682754BCCE0078A167 /* Base */ = {isa = PBXFileReference; lastKnownFileType = file.storyboard; name = Base; path = Base.lproj/LaunchScreen.storyboard; sourceTree = "<group>"; };
		2062C96A2754BCCE0078A167 /* Info.plist */ = {isa = PBXFileReference; lastKnownFileType = text.plist.xml; path = Info.plist; sourceTree = "<group>"; };
		2062C96F2754BCCE0078A167 /* WorldTrotter-Ahmed_alqhtani-Mohammed_alatwiTests.xctest */ = {isa = PBXFileReference; explicitFileType = wrapper.cfbundle; includeInIndex = 0; path = "WorldTrotter-Ahmed_alqhtani-Mohammed_alatwiTests.xctest"; sourceTree = BUILT_PRODUCTS_DIR; };
		2062C9732754BCCE0078A167 /* WorldTrotter_Ahmed_alqhtani_Mohammed_alatwiTests.swift */ = {isa = PBXFileReference; lastKnownFileType = sourcecode.swift; path = WorldTrotter_Ahmed_alqhtani_Mohammed_alatwiTests.swift; sourceTree = "<group>"; };
		2062C9752754BCCE0078A167 /* Info.plist */ = {isa = PBXFileReference; lastKnownFileType = text.plist.xml; path = Info.plist; sourceTree = "<group>"; };
		2062C97A2754BCCE0078A167 /* WorldTrotter-Ahmed_alqhtani-Mohammed_alatwiUITests.xctest */ = {isa = PBXFileReference; explicitFileType = wrapper.cfbundle; includeInIndex = 0; path = "WorldTrotter-Ahmed_alqhtani-Mohammed_alatwiUITests.xctest"; sourceTree = BUILT_PRODUCTS_DIR; };
		2062C97E2754BCCE0078A167 /* WorldTrotter_Ahmed_alqhtani_Mohammed_alatwiUITests.swift */ = {isa = PBXFileReference; lastKnownFileType = sourcecode.swift; path = WorldTrotter_Ahmed_alqhtani_Mohammed_alatwiUITests.swift; sourceTree = "<group>"; };
		2062C9802754BCCE0078A167 /* Info.plist */ = {isa = PBXFileReference; lastKnownFileType = text.plist.xml; path = Info.plist; sourceTree = "<group>"; };
		2062C98C2754CDF90078A167 /* MapViewController.swift */ = {isa = PBXFileReference; lastKnownFileType = sourcecode.swift; path = MapViewController.swift; sourceTree = "<group>"; };
		20FBCF652755FD1B0002FCDB /* UIColor+EX.swift */ = {isa = PBXFileReference; lastKnownFileType = sourcecode.swift; path = "UIColor+EX.swift"; sourceTree = "<group>"; };
		20FBCF682755FECC0002FCDB /* CMLabel.swift */ = {isa = PBXFileReference; lastKnownFileType = sourcecode.swift; path = CMLabel.swift; sourceTree = "<group>"; };
		20FBCF6A275609E80002FCDB /* TextFiled.swift */ = {isa = PBXFileReference; lastKnownFileType = sourcecode.swift; path = TextFiled.swift; sourceTree = "<group>"; };
		20FBCF6C27561D5B0002FCDB /* UIViewController+Ext.swift */ = {isa = PBXFileReference; lastKnownFileType = sourcecode.swift; path = "UIViewController+Ext.swift"; sourceTree = "<group>"; };
		27707190275766A500B53DE3 /* MapViewEX.swift */ = {isa = PBXFileReference; lastKnownFileType = sourcecode.swift; path = MapViewEX.swift; sourceTree = "<group>"; };
		277071922757683B00B53DE3 /* ar */ = {isa = PBXFileReference; lastKnownFileType = text.plist.strings; name = ar; path = ar.lproj/Main.strings; sourceTree = "<group>"; };
		2770719627576C1200B53DE3 /* en */ = {isa = PBXFileReference; lastKnownFileType = text.plist.strings; name = en; path = en.lproj/Localizable.strings; sourceTree = "<group>"; };
		2770719827576C1800B53DE3 /* ar */ = {isa = PBXFileReference; lastKnownFileType = text.plist.strings; name = ar; path = ar.lproj/Localizable.strings; sourceTree = "<group>"; };
/* End PBXFileReference section */

/* Begin PBXFrameworksBuildPhase section */
		2062C9562754BCCE0078A167 /* Frameworks */ = {
			isa = PBXFrameworksBuildPhase;
			buildActionMask = 2147483647;
			files = (
			);
			runOnlyForDeploymentPostprocessing = 0;
		};
		2062C96C2754BCCE0078A167 /* Frameworks */ = {
			isa = PBXFrameworksBuildPhase;
			buildActionMask = 2147483647;
			files = (
			);
			runOnlyForDeploymentPostprocessing = 0;
		};
		2062C9772754BCCE0078A167 /* Frameworks */ = {
			isa = PBXFrameworksBuildPhase;
			buildActionMask = 2147483647;
			files = (
			);
			runOnlyForDeploymentPostprocessing = 0;
		};
/* End PBXFrameworksBuildPhase section */

/* Begin PBXGroup section */
		2062C9502754BCCE0078A167 = {
			isa = PBXGroup;
			children = (
				2062C95B2754BCCE0078A167 /* WorldTrotter-Ahmed_alqhtani-Mohammed_alatwi */,
				2062C9722754BCCE0078A167 /* WorldTrotter-Ahmed_alqhtani-Mohammed_alatwiTests */,
				2062C97D2754BCCE0078A167 /* WorldTrotter-Ahmed_alqhtani-Mohammed_alatwiUITests */,
				2062C95A2754BCCE0078A167 /* Products */,
			);
			sourceTree = "<group>";
		};
		2062C95A2754BCCE0078A167 /* Products */ = {
			isa = PBXGroup;
			children = (
				2062C9592754BCCE0078A167 /* WorldTrotter-Ahmed_alqhtani-Mohammed_alatwi.app */,
				2062C96F2754BCCE0078A167 /* WorldTrotter-Ahmed_alqhtani-Mohammed_alatwiTests.xctest */,
				2062C97A2754BCCE0078A167 /* WorldTrotter-Ahmed_alqhtani-Mohammed_alatwiUITests.xctest */,
			);
			name = Products;
			sourceTree = "<group>";
		};
		2062C95B2754BCCE0078A167 /* WorldTrotter-Ahmed_alqhtani-Mohammed_alatwi */ = {
			isa = PBXGroup;
			children = (
				20FBCF672755FE8D0002FCDB /* Custom_View */,
				2062C98E2754DE2C0078A167 /* Controller */,
				2062C98F2754DE570078A167 /* Views */,
				20FBCF642755FCE30002FCDB /* Extensions */,
				2062C9902754DE650078A167 /* Supports */,
			);
			path = "WorldTrotter-Ahmed_alqhtani-Mohammed_alatwi";
			sourceTree = "<group>";
		};
		2062C9722754BCCE0078A167 /* WorldTrotter-Ahmed_alqhtani-Mohammed_alatwiTests */ = {
			isa = PBXGroup;
			children = (
				2062C9732754BCCE0078A167 /* WorldTrotter_Ahmed_alqhtani_Mohammed_alatwiTests.swift */,
				2062C9752754BCCE0078A167 /* Info.plist */,
			);
			path = "WorldTrotter-Ahmed_alqhtani-Mohammed_alatwiTests";
			sourceTree = "<group>";
		};
		2062C97D2754BCCE0078A167 /* WorldTrotter-Ahmed_alqhtani-Mohammed_alatwiUITests */ = {
			isa = PBXGroup;
			children = (
				2062C97E2754BCCE0078A167 /* WorldTrotter_Ahmed_alqhtani_Mohammed_alatwiUITests.swift */,
				2062C9802754BCCE0078A167 /* Info.plist */,
			);
			path = "WorldTrotter-Ahmed_alqhtani-Mohammed_alatwiUITests";
			sourceTree = "<group>";
		};
		2062C98E2754DE2C0078A167 /* Controller */ = {
			isa = PBXGroup;
			children = (
				2062C9602754BCCE0078A167 /* ConversionViewController.swift */,
				2062C98C2754CDF90078A167 /* MapViewController.swift */,
				2770719727576C1200B53DE3 /* Localizable.strings */,
				20FBCF6A275609E80002FCDB /* TextFiled.swift */,
			);
			path = Controller;
			sourceTree = "<group>";
		};
		2062C98F2754DE570078A167 /* Views */ = {
			isa = PBXGroup;
			children = (
				2062C9622754BCCE0078A167 /* Main.storyboard */,
			);
			path = Views;
			sourceTree = "<group>";
		};
		2062C9902754DE650078A167 /* Supports */ = {
			isa = PBXGroup;
			children = (
				2062C95C2754BCCE0078A167 /* AppDelegate.swift */,
				2062C95E2754BCCE0078A167 /* SceneDelegate.swift */,
				2062C9652754BCCE0078A167 /* Assets.xcassets */,
				2062C9672754BCCE0078A167 /* LaunchScreen.storyboard */,
				2062C96A2754BCCE0078A167 /* Info.plist */,
			);
			name = Supports;
			sourceTree = "<group>";
		};
		20FBCF642755FCE30002FCDB /* Extensions */ = {
			isa = PBXGroup;
			children = (
				20FBCF652755FD1B0002FCDB /* UIColor+EX.swift */,
				27707190275766A500B53DE3 /* MapViewEX.swift */,
				20FBCF6C27561D5B0002FCDB /* UIViewController+Ext.swift */,
			);
			path = Extensions;
			sourceTree = "<group>";
		};
		20FBCF672755FE8D0002FCDB /* Custom_View */ = {
			isa = PBXGroup;
			children = (
				20FBCF682755FECC0002FCDB /* CMLabel.swift */,
			);
			path = Custom_View;
			sourceTree = "<group>";
		};
/* End PBXGroup section */

/* Begin PBXNativeTarget section */
		2062C9582754BCCE0078A167 /* WorldTrotter-Ahmed_alqhtani-Mohammed_alatwi */ = {
			isa = PBXNativeTarget;
			buildConfigurationList = 2062C9832754BCCE0078A167 /* Build configuration list for PBXNativeTarget "WorldTrotter-Ahmed_alqhtani-Mohammed_alatwi" */;
			buildPhases = (
				2062C9552754BCCE0078A167 /* Sources */,
				2062C9562754BCCE0078A167 /* Frameworks */,
				2062C9572754BCCE0078A167 /* Resources */,
			);
			buildRules = (
			);
			dependencies = (
			);
			name = "WorldTrotter-Ahmed_alqhtani-Mohammed_alatwi";
			productName = "WorldTrotter-Ahmed_alqhtani-Mohammed_alatwi";
			productReference = 2062C9592754BCCE0078A167 /* WorldTrotter-Ahmed_alqhtani-Mohammed_alatwi.app */;
			productType = "com.apple.product-type.application";
		};
		2062C96E2754BCCE0078A167 /* WorldTrotter-Ahmed_alqhtani-Mohammed_alatwiTests */ = {
			isa = PBXNativeTarget;
			buildConfigurationList = 2062C9862754BCCE0078A167 /* Build configuration list for PBXNativeTarget "WorldTrotter-Ahmed_alqhtani-Mohammed_alatwiTests" */;
			buildPhases = (
				2062C96B2754BCCE0078A167 /* Sources */,
				2062C96C2754BCCE0078A167 /* Frameworks */,
				2062C96D2754BCCE0078A167 /* Resources */,
			);
			buildRules = (
			);
			dependencies = (
				2062C9712754BCCE0078A167 /* PBXTargetDependency */,
			);
			name = "WorldTrotter-Ahmed_alqhtani-Mohammed_alatwiTests";
			productName = "WorldTrotter-Ahmed_alqhtani-Mohammed_alatwiTests";
			productReference = 2062C96F2754BCCE0078A167 /* WorldTrotter-Ahmed_alqhtani-Mohammed_alatwiTests.xctest */;
			productType = "com.apple.product-type.bundle.unit-test";
		};
		2062C9792754BCCE0078A167 /* WorldTrotter-Ahmed_alqhtani-Mohammed_alatwiUITests */ = {
			isa = PBXNativeTarget;
			buildConfigurationList = 2062C9892754BCCE0078A167 /* Build configuration list for PBXNativeTarget "WorldTrotter-Ahmed_alqhtani-Mohammed_alatwiUITests" */;
			buildPhases = (
				2062C9762754BCCE0078A167 /* Sources */,
				2062C9772754BCCE0078A167 /* Frameworks */,
				2062C9782754BCCE0078A167 /* Resources */,
			);
			buildRules = (
			);
			dependencies = (
				2062C97C2754BCCE0078A167 /* PBXTargetDependency */,
			);
			name = "WorldTrotter-Ahmed_alqhtani-Mohammed_alatwiUITests";
			productName = "WorldTrotter-Ahmed_alqhtani-Mohammed_alatwiUITests";
			productReference = 2062C97A2754BCCE0078A167 /* WorldTrotter-Ahmed_alqhtani-Mohammed_alatwiUITests.xctest */;
			productType = "com.apple.product-type.bundle.ui-testing";
		};
/* End PBXNativeTarget section */

/* Begin PBXProject section */
		2062C9512754BCCE0078A167 /* Project object */ = {
			isa = PBXProject;
			attributes = {
				LastSwiftUpdateCheck = 1250;
				LastUpgradeCheck = 1250;
				TargetAttributes = {
					2062C9582754BCCE0078A167 = {
						CreatedOnToolsVersion = 12.5;
					};
					2062C96E2754BCCE0078A167 = {
						CreatedOnToolsVersion = 12.5;
						TestTargetID = 2062C9582754BCCE0078A167;
					};
					2062C9792754BCCE0078A167 = {
						CreatedOnToolsVersion = 12.5;
						TestTargetID = 2062C9582754BCCE0078A167;
					};
				};
			};
			buildConfigurationList = 2062C9542754BCCE0078A167 /* Build configuration list for PBXProject "WorldTrotter-Ahmed_alqhtani-Mohammed_alatwi" */;
			compatibilityVersion = "Xcode 9.3";
			developmentRegion = en;
			hasScannedForEncodings = 0;
			knownRegions = (
				en,
				Base,
				ar,
			);
			mainGroup = 2062C9502754BCCE0078A167;
			productRefGroup = 2062C95A2754BCCE0078A167 /* Products */;
			projectDirPath = "";
			projectRoot = "";
			targets = (
				2062C9582754BCCE0078A167 /* WorldTrotter-Ahmed_alqhtani-Mohammed_alatwi */,
				2062C96E2754BCCE0078A167 /* WorldTrotter-Ahmed_alqhtani-Mohammed_alatwiTests */,
				2062C9792754BCCE0078A167 /* WorldTrotter-Ahmed_alqhtani-Mohammed_alatwiUITests */,
			);
		};
/* End PBXProject section */

/* Begin PBXResourcesBuildPhase section */
		2062C9572754BCCE0078A167 /* Resources */ = {
			isa = PBXResourcesBuildPhase;
			buildActionMask = 2147483647;
			files = (
				2062C9692754BCCE0078A167 /* LaunchScreen.storyboard in Resources */,
				2770719527576C1200B53DE3 /* Localizable.strings in Resources */,
				2062C9662754BCCE0078A167 /* Assets.xcassets in Resources */,
				2062C9642754BCCE0078A167 /* Main.storyboard in Resources */,
			);
			runOnlyForDeploymentPostprocessing = 0;
		};
		2062C96D2754BCCE0078A167 /* Resources */ = {
			isa = PBXResourcesBuildPhase;
			buildActionMask = 2147483647;
			files = (
			);
			runOnlyForDeploymentPostprocessing = 0;
		};
		2062C9782754BCCE0078A167 /* Resources */ = {
			isa = PBXResourcesBuildPhase;
			buildActionMask = 2147483647;
			files = (
			);
			runOnlyForDeploymentPostprocessing = 0;
		};
/* End PBXResourcesBuildPhase section */

/* Begin PBXSourcesBuildPhase section */
		2062C9552754BCCE0078A167 /* Sources */ = {
			isa = PBXSourcesBuildPhase;
			buildActionMask = 2147483647;
			files = (
				2062C9612754BCCE0078A167 /* ConversionViewController.swift in Sources */,
				27707191275766A500B53DE3 /* MapViewEX.swift in Sources */,
				20FBCF6B275609E80002FCDB /* TextFiled.swift in Sources */,
				2062C95D2754BCCE0078A167 /* AppDelegate.swift in Sources */,
				20FBCF692755FECC0002FCDB /* CMLabel.swift in Sources */,
				20FBCF662755FD1B0002FCDB /* UIColor+EX.swift in Sources */,
				2062C95F2754BCCE0078A167 /* SceneDelegate.swift in Sources */,
				20FBCF6D27561D5B0002FCDB /* UIViewController+Ext.swift in Sources */,
				2062C98D2754CDF90078A167 /* MapViewController.swift in Sources */,
			);
			runOnlyForDeploymentPostprocessing = 0;
		};
		2062C96B2754BCCE0078A167 /* Sources */ = {
			isa = PBXSourcesBuildPhase;
			buildActionMask = 2147483647;
			files = (
				2062C9742754BCCE0078A167 /* WorldTrotter_Ahmed_alqhtani_Mohammed_alatwiTests.swift in Sources */,
			);
			runOnlyForDeploymentPostprocessing = 0;
		};
		2062C9762754BCCE0078A167 /* Sources */ = {
			isa = PBXSourcesBuildPhase;
			buildActionMask = 2147483647;
			files = (
				2062C97F2754BCCE0078A167 /* WorldTrotter_Ahmed_alqhtani_Mohammed_alatwiUITests.swift in Sources */,
			);
			runOnlyForDeploymentPostprocessing = 0;
		};
/* End PBXSourcesBuildPhase section */

/* Begin PBXTargetDependency section */
		2062C9712754BCCE0078A167 /* PBXTargetDependency */ = {
			isa = PBXTargetDependency;
			target = 2062C9582754BCCE0078A167 /* WorldTrotter-Ahmed_alqhtani-Mohammed_alatwi */;
			targetProxy = 2062C9702754BCCE0078A167 /* PBXContainerItemProxy */;
		};
		2062C97C2754BCCE0078A167 /* PBXTargetDependency */ = {
			isa = PBXTargetDependency;
			target = 2062C9582754BCCE0078A167 /* WorldTrotter-Ahmed_alqhtani-Mohammed_alatwi */;
			targetProxy = 2062C97B2754BCCE0078A167 /* PBXContainerItemProxy */;
		};
/* End PBXTargetDependency section */

/* Begin PBXVariantGroup section */
		2062C9622754BCCE0078A167 /* Main.storyboard */ = {
			isa = PBXVariantGroup;
			children = (
				2062C9632754BCCE0078A167 /* Base */,
				277071922757683B00B53DE3 /* ar */,
			);
			name = Main.storyboard;
			sourceTree = "<group>";
		};
		2062C9672754BCCE0078A167 /* LaunchScreen.storyboard */ = {
			isa = PBXVariantGroup;
			children = (
				2062C9682754BCCE0078A167 /* Base */,
			);
			name = LaunchScreen.storyboard;
			sourceTree = "<group>";
		};
		2770719727576C1200B53DE3 /* Localizable.strings */ = {
			isa = PBXVariantGroup;
			children = (
				2770719627576C1200B53DE3 /* en */,
				2770719827576C1800B53DE3 /* ar */,
			);
			name = Localizable.strings;
			sourceTree = "<group>";
		};
/* End PBXVariantGroup section */

/* Begin XCBuildConfiguration section */
		2062C9812754BCCE0078A167 /* Debug */ = {
			isa = XCBuildConfiguration;
			buildSettings = {
				ALWAYS_SEARCH_USER_PATHS = NO;
				CLANG_ANALYZER_LOCALIZABILITY_NONLOCALIZED = YES;
				CLANG_ANALYZER_NONNULL = YES;
				CLANG_ANALYZER_NUMBER_OBJECT_CONVERSION = YES_AGGRESSIVE;
				CLANG_CXX_LANGUAGE_STANDARD = "gnu++14";
				CLANG_CXX_LIBRARY = "libc++";
				CLANG_ENABLE_MODULES = YES;
				CLANG_ENABLE_OBJC_ARC = YES;
				CLANG_ENABLE_OBJC_WEAK = YES;
				CLANG_WARN_BLOCK_CAPTURE_AUTORELEASING = YES;
				CLANG_WARN_BOOL_CONVERSION = YES;
				CLANG_WARN_COMMA = YES;
				CLANG_WARN_CONSTANT_CONVERSION = YES;
				CLANG_WARN_DEPRECATED_OBJC_IMPLEMENTATIONS = YES;
				CLANG_WARN_DIRECT_OBJC_ISA_USAGE = YES_ERROR;
				CLANG_WARN_DOCUMENTATION_COMMENTS = YES;
				CLANG_WARN_EMPTY_BODY = YES;
				CLANG_WARN_ENUM_CONVERSION = YES;
				CLANG_WARN_INFINITE_RECURSION = YES;
				CLANG_WARN_INT_CONVERSION = YES;
				CLANG_WARN_NON_LITERAL_NULL_CONVERSION = YES;
				CLANG_WARN_OBJC_IMPLICIT_RETAIN_SELF = YES;
				CLANG_WARN_OBJC_LITERAL_CONVERSION = YES;
				CLANG_WARN_OBJC_ROOT_CLASS = YES_ERROR;
				CLANG_WARN_QUOTED_INCLUDE_IN_FRAMEWORK_HEADER = YES;
				CLANG_WARN_RANGE_LOOP_ANALYSIS = YES;
				CLANG_WARN_STRICT_PROTOTYPES = YES;
				CLANG_WARN_SUSPICIOUS_MOVE = YES;
				CLANG_WARN_UNGUARDED_AVAILABILITY = YES_AGGRESSIVE;
				CLANG_WARN_UNREACHABLE_CODE = YES;
				CLANG_WARN__DUPLICATE_METHOD_MATCH = YES;
				COPY_PHASE_STRIP = NO;
				DEBUG_INFORMATION_FORMAT = dwarf;
				ENABLE_STRICT_OBJC_MSGSEND = YES;
				ENABLE_TESTABILITY = YES;
				GCC_C_LANGUAGE_STANDARD = gnu11;
				GCC_DYNAMIC_NO_PIC = NO;
				GCC_NO_COMMON_BLOCKS = YES;
				GCC_OPTIMIZATION_LEVEL = 0;
				GCC_PREPROCESSOR_DEFINITIONS = (
					"DEBUG=1",
					"$(inherited)",
				);
				GCC_WARN_64_TO_32_BIT_CONVERSION = YES;
				GCC_WARN_ABOUT_RETURN_TYPE = YES_ERROR;
				GCC_WARN_UNDECLARED_SELECTOR = YES;
				GCC_WARN_UNINITIALIZED_AUTOS = YES_AGGRESSIVE;
				GCC_WARN_UNUSED_FUNCTION = YES;
				GCC_WARN_UNUSED_VARIABLE = YES;
				IPHONEOS_DEPLOYMENT_TARGET = 14.5;
				MTL_ENABLE_DEBUG_INFO = INCLUDE_SOURCE;
				MTL_FAST_MATH = YES;
				ONLY_ACTIVE_ARCH = YES;
				SDKROOT = iphoneos;
				SWIFT_ACTIVE_COMPILATION_CONDITIONS = DEBUG;
				SWIFT_OPTIMIZATION_LEVEL = "-Onone";
			};
			name = Debug;
		};
		2062C9822754BCCE0078A167 /* Release */ = {
			isa = XCBuildConfiguration;
			buildSettings = {
				ALWAYS_SEARCH_USER_PATHS = NO;
				CLANG_ANALYZER_LOCALIZABILITY_NONLOCALIZED = YES;
				CLANG_ANALYZER_NONNULL = YES;
				CLANG_ANALYZER_NUMBER_OBJECT_CONVERSION = YES_AGGRESSIVE;
				CLANG_CXX_LANGUAGE_STANDARD = "gnu++14";
				CLANG_CXX_LIBRARY = "libc++";
				CLANG_ENABLE_MODULES = YES;
				CLANG_ENABLE_OBJC_ARC = YES;
				CLANG_ENABLE_OBJC_WEAK = YES;
				CLANG_WARN_BLOCK_CAPTURE_AUTORELEASING = YES;
				CLANG_WARN_BOOL_CONVERSION = YES;
				CLANG_WARN_COMMA = YES;
				CLANG_WARN_CONSTANT_CONVERSION = YES;
				CLANG_WARN_DEPRECATED_OBJC_IMPLEMENTATIONS = YES;
				CLANG_WARN_DIRECT_OBJC_ISA_USAGE = YES_ERROR;
				CLANG_WARN_DOCUMENTATION_COMMENTS = YES;
				CLANG_WARN_EMPTY_BODY = YES;
				CLANG_WARN_ENUM_CONVERSION = YES;
				CLANG_WARN_INFINITE_RECURSION = YES;
				CLANG_WARN_INT_CONVERSION = YES;
				CLANG_WARN_NON_LITERAL_NULL_CONVERSION = YES;
				CLANG_WARN_OBJC_IMPLICIT_RETAIN_SELF = YES;
				CLANG_WARN_OBJC_LITERAL_CONVERSION = YES;
				CLANG_WARN_OBJC_ROOT_CLASS = YES_ERROR;
				CLANG_WARN_QUOTED_INCLUDE_IN_FRAMEWORK_HEADER = YES;
				CLANG_WARN_RANGE_LOOP_ANALYSIS = YES;
				CLANG_WARN_STRICT_PROTOTYPES = YES;
				CLANG_WARN_SUSPICIOUS_MOVE = YES;
				CLANG_WARN_UNGUARDED_AVAILABILITY = YES_AGGRESSIVE;
				CLANG_WARN_UNREACHABLE_CODE = YES;
				CLANG_WARN__DUPLICATE_METHOD_MATCH = YES;
				COPY_PHASE_STRIP = NO;
				DEBUG_INFORMATION_FORMAT = "dwarf-with-dsym";
				ENABLE_NS_ASSERTIONS = NO;
				ENABLE_STRICT_OBJC_MSGSEND = YES;
				GCC_C_LANGUAGE_STANDARD = gnu11;
				GCC_NO_COMMON_BLOCKS = YES;
				GCC_WARN_64_TO_32_BIT_CONVERSION = YES;
				GCC_WARN_ABOUT_RETURN_TYPE = YES_ERROR;
				GCC_WARN_UNDECLARED_SELECTOR = YES;
				GCC_WARN_UNINITIALIZED_AUTOS = YES_AGGRESSIVE;
				GCC_WARN_UNUSED_FUNCTION = YES;
				GCC_WARN_UNUSED_VARIABLE = YES;
				IPHONEOS_DEPLOYMENT_TARGET = 14.5;
				MTL_ENABLE_DEBUG_INFO = NO;
				MTL_FAST_MATH = YES;
				SDKROOT = iphoneos;
				SWIFT_COMPILATION_MODE = wholemodule;
				SWIFT_OPTIMIZATION_LEVEL = "-O";
				VALIDATE_PRODUCT = YES;
			};
			name = Release;
		};
		2062C9842754BCCE0078A167 /* Debug */ = {
			isa = XCBuildConfiguration;
			buildSettings = {
				ASSETCATALOG_COMPILER_APPICON_NAME = AppIcon;
				ASSETCATALOG_COMPILER_GLOBAL_ACCENT_COLOR_NAME = AccentColor;
				CODE_SIGN_STYLE = Automatic;
				DEVELOPMENT_TEAM = 5G285Z8X9T;
				INFOPLIST_FILE = "WorldTrotter-Ahmed_alqhtani-Mohammed_alatwi/Info.plist";
				LD_RUNPATH_SEARCH_PATHS = (
					"$(inherited)",
					"@executable_path/Frameworks",
				);
				PRODUCT_BUNDLE_IDENTIFIER = "com.ahmed.WorldTrotter-Ahmed-alqhtani-Mohammed-alatwi";
				PRODUCT_NAME = "$(TARGET_NAME)";
				SWIFT_VERSION = 5.0;
				TARGETED_DEVICE_FAMILY = "1,2";
			};
			name = Debug;
		};
		2062C9852754BCCE0078A167 /* Release */ = {
			isa = XCBuildConfiguration;
			buildSettings = {
				ASSETCATALOG_COMPILER_APPICON_NAME = AppIcon;
				ASSETCATALOG_COMPILER_GLOBAL_ACCENT_COLOR_NAME = AccentColor;
				CODE_SIGN_STYLE = Automatic;
				DEVELOPMENT_TEAM = 5G285Z8X9T;
				INFOPLIST_FILE = "WorldTrotter-Ahmed_alqhtani-Mohammed_alatwi/Info.plist";
				LD_RUNPATH_SEARCH_PATHS = (
					"$(inherited)",
					"@executable_path/Frameworks",
				);
				PRODUCT_BUNDLE_IDENTIFIER = "com.ahmed.WorldTrotter-Ahmed-alqhtani-Mohammed-alatwi";
				PRODUCT_NAME = "$(TARGET_NAME)";
				SWIFT_VERSION = 5.0;
				TARGETED_DEVICE_FAMILY = "1,2";
			};
			name = Release;
		};
		2062C9872754BCCE0078A167 /* Debug */ = {
			isa = XCBuildConfiguration;
			buildSettings = {
				ALWAYS_EMBED_SWIFT_STANDARD_LIBRARIES = YES;
				BUNDLE_LOADER = "$(TEST_HOST)";
				CODE_SIGN_STYLE = Automatic;
				DEVELOPMENT_TEAM = 5G285Z8X9T;
				INFOPLIST_FILE = "WorldTrotter-Ahmed_alqhtani-Mohammed_alatwiTests/Info.plist";
				IPHONEOS_DEPLOYMENT_TARGET = 14.5;
				LD_RUNPATH_SEARCH_PATHS = (
					"$(inherited)",
					"@executable_path/Frameworks",
					"@loader_path/Frameworks",
				);
				PRODUCT_BUNDLE_IDENTIFIER = "com.ahmed.WorldTrotter-Ahmed-alqhtani-Mohammed-alatwiTests";
				PRODUCT_NAME = "$(TARGET_NAME)";
				SWIFT_VERSION = 5.0;
				TARGETED_DEVICE_FAMILY = "1,2";
				TEST_HOST = "$(BUILT_PRODUCTS_DIR)/WorldTrotter-Ahmed_alqhtani-Mohammed_alatwi.app/WorldTrotter-Ahmed_alqhtani-Mohammed_alatwi";
			};
			name = Debug;
		};
		2062C9882754BCCE0078A167 /* Release */ = {
			isa = XCBuildConfiguration;
			buildSettings = {
				ALWAYS_EMBED_SWIFT_STANDARD_LIBRARIES = YES;
				BUNDLE_LOADER = "$(TEST_HOST)";
				CODE_SIGN_STYLE = Automatic;
				DEVELOPMENT_TEAM = 5G285Z8X9T;
				INFOPLIST_FILE = "WorldTrotter-Ahmed_alqhtani-Mohammed_alatwiTests/Info.plist";
				IPHONEOS_DEPLOYMENT_TARGET = 14.5;
				LD_RUNPATH_SEARCH_PATHS = (
					"$(inherited)",
					"@executable_path/Frameworks",
					"@loader_path/Frameworks",
				);
				PRODUCT_BUNDLE_IDENTIFIER = "com.ahmed.WorldTrotter-Ahmed-alqhtani-Mohammed-alatwiTests";
				PRODUCT_NAME = "$(TARGET_NAME)";
				SWIFT_VERSION = 5.0;
				TARGETED_DEVICE_FAMILY = "1,2";
				TEST_HOST = "$(BUILT_PRODUCTS_DIR)/WorldTrotter-Ahmed_alqhtani-Mohammed_alatwi.app/WorldTrotter-Ahmed_alqhtani-Mohammed_alatwi";
			};
			name = Release;
		};
		2062C98A2754BCCE0078A167 /* Debug */ = {
			isa = XCBuildConfiguration;
			buildSettings = {
				ALWAYS_EMBED_SWIFT_STANDARD_LIBRARIES = YES;
				CODE_SIGN_STYLE = Automatic;
				DEVELOPMENT_TEAM = 5G285Z8X9T;
				INFOPLIST_FILE = "WorldTrotter-Ahmed_alqhtani-Mohammed_alatwiUITests/Info.plist";
				LD_RUNPATH_SEARCH_PATHS = (
					"$(inherited)",
					"@executable_path/Frameworks",
					"@loader_path/Frameworks",
				);
				PRODUCT_BUNDLE_IDENTIFIER = "com.ahmed.WorldTrotter-Ahmed-alqhtani-Mohammed-alatwiUITests";
				PRODUCT_NAME = "$(TARGET_NAME)";
				SWIFT_VERSION = 5.0;
				TARGETED_DEVICE_FAMILY = "1,2";
				TEST_TARGET_NAME = "WorldTrotter-Ahmed_alqhtani-Mohammed_alatwi";
			};
			name = Debug;
		};
		2062C98B2754BCCE0078A167 /* Release */ = {
			isa = XCBuildConfiguration;
			buildSettings = {
				ALWAYS_EMBED_SWIFT_STANDARD_LIBRARIES = YES;
				CODE_SIGN_STYLE = Automatic;
				DEVELOPMENT_TEAM = 5G285Z8X9T;
				INFOPLIST_FILE = "WorldTrotter-Ahmed_alqhtani-Mohammed_alatwiUITests/Info.plist";
				LD_RUNPATH_SEARCH_PATHS = (
					"$(inherited)",
					"@executable_path/Frameworks",
					"@loader_path/Frameworks",
				);
				PRODUCT_BUNDLE_IDENTIFIER = "com.ahmed.WorldTrotter-Ahmed-alqhtani-Mohammed-alatwiUITests";
				PRODUCT_NAME = "$(TARGET_NAME)";
				SWIFT_VERSION = 5.0;
				TARGETED_DEVICE_FAMILY = "1,2";
				TEST_TARGET_NAME = "WorldTrotter-Ahmed_alqhtani-Mohammed_alatwi";
			};
			name = Release;
		};
/* End XCBuildConfiguration section */

/* Begin XCConfigurationList section */
		2062C9542754BCCE0078A167 /* Build configuration list for PBXProject "WorldTrotter-Ahmed_alqhtani-Mohammed_alatwi" */ = {
			isa = XCConfigurationList;
			buildConfigurations = (
				2062C9812754BCCE0078A167 /* Debug */,
				2062C9822754BCCE0078A167 /* Release */,
			);
			defaultConfigurationIsVisible = 0;
			defaultConfigurationName = Release;
		};
		2062C9832754BCCE0078A167 /* Build configuration list for PBXNativeTarget "WorldTrotter-Ahmed_alqhtani-Mohammed_alatwi" */ = {
			isa = XCConfigurationList;
			buildConfigurations = (
				2062C9842754BCCE0078A167 /* Debug */,
				2062C9852754BCCE0078A167 /* Release */,
			);
			defaultConfigurationIsVisible = 0;
			defaultConfigurationName = Release;
		};
		2062C9862754BCCE0078A167 /* Build configuration list for PBXNativeTarget "WorldTrotter-Ahmed_alqhtani-Mohammed_alatwiTests" */ = {
			isa = XCConfigurationList;
			buildConfigurations = (
				2062C9872754BCCE0078A167 /* Debug */,
				2062C9882754BCCE0078A167 /* Release */,
			);
			defaultConfigurationIsVisible = 0;
			defaultConfigurationName = Release;
		};
		2062C9892754BCCE0078A167 /* Build configuration list for PBXNativeTarget "WorldTrotter-Ahmed_alqhtani-Mohammed_alatwiUITests" */ = {
			isa = XCConfigurationList;
			buildConfigurations = (
				2062C98A2754BCCE0078A167 /* Debug */,
				2062C98B2754BCCE0078A167 /* Release */,
			);
			defaultConfigurationIsVisible = 0;
			defaultConfigurationName = Release;
		};
/* End XCConfigurationList section */
	};
	rootObject = 2062C9512754BCCE0078A167 /* Project object */;
}
